
Microsoft Visual Studio Solution File, Format Version 12.00
# Visual Studio Version 17
VisualStudioVersion = 17.3.32929.385
MinimumVisualStudioVersion = 10.0.40219.1
Project("{9A19103F-16F7-4668-BE54-9A1E7A4F7556}") = "CsvTransformer.App", "CsvTransformer.App\CsvTransformer.App.csproj", "{D0F22BDC-C9BB-44DA-A4AB-0207B9139CED}"
EndProject
Global
	GlobalSection(SolutionConfigurationPlatforms) = preSolution
		Debug|Any CPU = Debug|Any CPU
		Release|Any CPU = Release|Any CPU
	EndGlobalSection
	GlobalSection(ProjectConfigurationPlatforms) = postSolution
		{D0F22BDC-C9BB-44DA-A4AB-0207B9139CED}.Debug|Any CPU.ActiveCfg = Debug|Any CPU
		{D0F22BDC-C9BB-44DA-A4AB-0207B9139CED}.Debug|Any CPU.Build.0 = Debug|Any CPU
		{D0F22BDC-C9BB-44DA-A4AB-0207B9139CED}.Release|Any CPU.ActiveCfg = Release|Any CPU
		{D0F22BDC-C9BB-44DA-A4AB-0207B9139CED}.Release|Any CPU.Build.0 = Release|Any CPU
	EndGlobalSection
	GlobalSection(SolutionProperties) = preSolution
		HideSolutionNode = FALSE
	EndGlobalSection
	GlobalSection(ExtensibilityGlobals) = postSolution
		SolutionGuid = {49CDE0BF-C914-495E-B4F7-8860EF7F1B1A}
	EndGlobalSection
EndGlobal
